
Microsoft Visual Studio Solution File, Format Version 12.00
# Visual Studio Version 17
VisualStudioVersion = 17.4.33205.214
MinimumVisualStudioVersion = 10.0.40219.1
Project("{9A19103F-16F7-4668-BE54-9A1E7A4F7556}") = "PhotoStudioWebApp", "PhotoStudioWebApp\PhotoStudioWebApp.csproj", "{0BBD39B6-812A-4E32-853E-69C56601E79F}"
EndProject
Project("{9A19103F-16F7-4668-BE54-9A1E7A4F7556}") = "PhotoStudio.Domain", "PhotoStudio.Domain\PhotoStudio.Domain.csproj", "{388DE3FA-2917-4F6E-9995-EFAABB1B2687}"
EndProject
Project("{FAE04EC0-301F-11D3-BF4B-00C04F79EFBC}") = "PhotoStudio.Core", "PhotoStudio.Core\PhotoStudio.Core.csproj", "{6CAB747A-32F9-469E-8492-50B15520D224}"
EndProject
Global
	GlobalSection(SolutionConfigurationPlatforms) = preSolution
		Debug|Any CPU = Debug|Any CPU
		Release|Any CPU = Release|Any CPU
	EndGlobalSection
	GlobalSection(ProjectConfigurationPlatforms) = postSolution
		{0BBD39B6-812A-4E32-853E-69C56601E79F}.Debug|Any CPU.ActiveCfg = Debug|Any CPU
		{0BBD39B6-812A-4E32-853E-69C56601E79F}.Debug|Any CPU.Build.0 = Debug|Any CPU
		{0BBD39B6-812A-4E32-853E-69C56601E79F}.Release|Any CPU.ActiveCfg = Release|Any CPU
		{0BBD39B6-812A-4E32-853E-69C56601E79F}.Release|Any CPU.Build.0 = Release|Any CPU
		{388DE3FA-2917-4F6E-9995-EFAABB1B2687}.Debug|Any CPU.ActiveCfg = Debug|Any CPU
		{388DE3FA-2917-4F6E-9995-EFAABB1B2687}.Debug|Any CPU.Build.0 = Debug|Any CPU
		{388DE3FA-2917-4F6E-9995-EFAABB1B2687}.Release|Any CPU.ActiveCfg = Release|Any CPU
		{388DE3FA-2917-4F6E-9995-EFAABB1B2687}.Release|Any CPU.Build.0 = Release|Any CPU
		{6CAB747A-32F9-469E-8492-50B15520D224}.Debug|Any CPU.ActiveCfg = Debug|Any CPU
		{6CAB747A-32F9-469E-8492-50B15520D224}.Debug|Any CPU.Build.0 = Debug|Any CPU
		{6CAB747A-32F9-469E-8492-50B15520D224}.Release|Any CPU.ActiveCfg = Release|Any CPU
		{6CAB747A-32F9-469E-8492-50B15520D224}.Release|Any CPU.Build.0 = Release|Any CPU
	EndGlobalSection
	GlobalSection(SolutionProperties) = preSolution
		HideSolutionNode = FALSE
	EndGlobalSection
	GlobalSection(ExtensibilityGlobals) = postSolution
		SolutionGuid = {598B3B47-2137-47FD-BD4A-04D3EFE45812}
	EndGlobalSection
EndGlobal
